<?xml version="1.0" encoding="UTF-8"?>
<Scheme
   LastUpgradeVersion = "0630"
   version = "1.3">
   <BuildAction
      parallelizeBuildables = "YES"
      buildImplicitDependencies = "YES">
      <BuildActionEntries>
         <BuildActionEntry
            buildForTesting = "YES"
            buildForRunning = "YES"
            buildForProfiling = "YES"
            buildForArchiving = "YES"
            buildForAnalyzing = "YES">
            <BuildableReference
               BuildableIdentifier = "primary"
               BlueprintIdentifier = "C138DE481B4919DE005CAB41"
               BuildableName = "Mugsie WatchKit App.app"
               BlueprintName = "Mugsie WatchKit App"
               ReferencedContainer = "container:Mugsie.xcodeproj">
            </BuildableReference>
         </BuildActionEntry>
         <BuildActionEntry
            buildForTesting = "YES"
            buildForRunning = "YES"
            buildForProfiling = "YES"
            buildForArchiving = "YES"
            buildForAnalyzing = "YES">
            <BuildableReference
               BuildableIdentifier = "primary"
               BlueprintIdentifier = "C19FC1841AFA8AF2007E8C7E"
               BuildableName = "Mugsie.app"
               BlueprintName = "Mugsie"
               ReferencedContainer = "container:Mugsie.xcodeproj">
            </BuildableReference>
         </BuildActionEntry>
         <BuildActionEntry
            buildForTesting = "YES"
            buildForRunning = "YES"
            buildForProfiling = "YES"
            buildForArchiving = "YES"
            buildForAnalyzing = "YES">
            <BuildableReference
               BuildableIdentifier = "primary"
               BlueprintIdentifier = "C138DE3B1B4919DE005CAB41"
               BuildableName = "Mugsie WatchKit Extension.appex"
               BlueprintName = "Mugsie WatchKit Extension"
               ReferencedContainer = "container:Mugsie.xcodeproj">
            </BuildableReference>
         </BuildActionEntry>
      </BuildActionEntries>
   </BuildAction>
   <TestAction
      selectedDebuggerIdentifier = "Xcode.DebuggerFoundation.Debugger.LLDB"
      selectedLauncherIdentifier = "Xcode.DebuggerFoundation.Launcher.LLDB"
      shouldUseLaunchSchemeArgsEnv = "YES"
      buildConfiguration = "Debug">
      <Testables>
      </Testables>
      <MacroExpansion>
         <BuildableReference
            BuildableIdentifier = "primary"
            BlueprintIdentifier = "C138DE481B4919DE005CAB41"
            BuildableName = "Mugsie WatchKit App.app"
            BlueprintName = "Mugsie WatchKit App"
            ReferencedContainer = "container:Mugsie.xcodeproj">
         </BuildableReference>
      </MacroExpansion>
   </TestAction>
   <LaunchAction
      selectedDebuggerIdentifier = "Xcode.DebuggerFoundation.Debugger.LLDB"
      selectedLauncherIdentifier = "Xcode.DebuggerFoundation.Launcher.LLDB"
      launchStyle = "0"
      useCustomWorkingDirectory = "NO"
      buildConfiguration = "Debug"
      ignoresPersistentStateOnLaunch = "NO"
      debugDocumentVersioning = "YES"
      allowLocationSimulation = "YES">
      <RemoteRunnable
         runnableDebuggingMode = "2"
         BundleIdentifier = "com.apple.springboard"
         RemotePath = "/Mugsie">
         <BuildableReference
            BuildableIdentifier = "primary"
            BlueprintIdentifier = "C138DE481B4919DE005CAB41"
            BuildableName = "Mugsie WatchKit App.app"
            BlueprintName = "Mugsie WatchKit App"
            ReferencedContainer = "container:Mugsie.xcodeproj">
         </BuildableReference>
      </RemoteRunnable>
      <MacroExpansion>
         <BuildableReference
            BuildableIdentifier = "primary"
            BlueprintIdentifier = "C138DE481B4919DE005CAB41"
            BuildableName = "Mugsie WatchKit App.app"
            BlueprintName = "Mugsie WatchKit App"
            ReferencedContainer = "container:Mugsie.xcodeproj">
         </BuildableReference>
      </MacroExpansion>
      <AdditionalOptions>
      </AdditionalOptions>
   </LaunchAction>
   <ProfileAction
      shouldUseLaunchSchemeArgsEnv = "YES"
      savedToolIdentifier = ""
      useCustomWorkingDirectory = "NO"
      buildConfiguration = "Release"
      debugDocumentVersioning = "YES">
      <RemoteRunnable
         runnableDebuggingMode = "2"
         BundleIdentifier = "com.apple.springboard"
         RemotePath = "/Mugsie">
         <BuildableReference
            BuildableIdentifier = "primary"
            BlueprintIdentifier = "C138DE481B4919DE005CAB41"
            BuildableName = "Mugsie WatchKit App.app"
            BlueprintName = "Mugsie WatchKit App"
            ReferencedContainer = "container:Mugsie.xcodeproj">
         </BuildableReference>
      </RemoteRunnable>
      <MacroExpansion>
         <BuildableReference
            BuildableIdentifier = "primary"
            BlueprintIdentifier = "C138DE481B4919DE005CAB41"
            BuildableName = "Mugsie WatchKit App.app"
            BlueprintName = "Mugsie WatchKit App"
            ReferencedContainer = "container:Mugsie.xcodeproj">
         </BuildableReference>
      </MacroExpansion>
   </ProfileAction>
   <AnalyzeAction
      buildConfiguration = "Debug">
   </AnalyzeAction>
   <ArchiveAction
      buildConfiguration = "Release"
      revealArchiveInOrganizer = "YES">
   </ArchiveAction>
</Scheme>
